
Microsoft Visual Studio Solution File, Format Version 12.00
# Visual Studio Version 16
VisualStudioVersion = 16.0.28803.202
MinimumVisualStudioVersion = 10.0.40219.1
Project("{FAE04EC0-301F-11D3-BF4B-00C04F79EFBC}") = "EXERC_OO_Classes_02", "EXERC_OO_Classes_02\EXERC_OO_Classes_02.csproj", "{32E49ECC-7713-4148-BAD2-E787BD37AA74}"
EndProject
Global
	GlobalSection(SolutionConfigurationPlatforms) = preSolution
		Debug|Any CPU = Debug|Any CPU
		Release|Any CPU = Release|Any CPU
	EndGlobalSection
	GlobalSection(ProjectConfigurationPlatforms) = postSolution
		{32E49ECC-7713-4148-BAD2-E787BD37AA74}.Debug|Any CPU.ActiveCfg = Debug|Any CPU
		{32E49ECC-7713-4148-BAD2-E787BD37AA74}.Debug|Any CPU.Build.0 = Debug|Any CPU
		{32E49ECC-7713-4148-BAD2-E787BD37AA74}.Release|Any CPU.ActiveCfg = Release|Any CPU
		{32E49ECC-7713-4148-BAD2-E787BD37AA74}.Release|Any CPU.Build.0 = Release|Any CPU
	EndGlobalSection
	GlobalSection(SolutionProperties) = preSolution
		HideSolutionNode = FALSE
	EndGlobalSection
	GlobalSection(ExtensibilityGlobals) = postSolution
		SolutionGuid = {8142E229-71A0-4C98-A23A-55348A3DECBC}
	EndGlobalSection
EndGlobal
