
Microsoft Visual Studio Solution File, Format Version 12.00
# Visual Studio Version 16
VisualStudioVersion = 16.0.28803.202
MinimumVisualStudioVersion = 10.0.40219.1
Project("{FAE04EC0-301F-11D3-BF4B-00C04F79EFBC}") = "Exerc_OO_CaululoDeMoaedas", "Exerc_OO_CaululoDeMoaedas\Exerc_OO_CaululoDeMoaedas.csproj", "{139EF01F-649D-4386-B3CC-473199A9E829}"
EndProject
Global
	GlobalSection(SolutionConfigurationPlatforms) = preSolution
		Debug|Any CPU = Debug|Any CPU
		Release|Any CPU = Release|Any CPU
	EndGlobalSection
	GlobalSection(ProjectConfigurationPlatforms) = postSolution
		{139EF01F-649D-4386-B3CC-473199A9E829}.Debug|Any CPU.ActiveCfg = Debug|Any CPU
		{139EF01F-649D-4386-B3CC-473199A9E829}.Debug|Any CPU.Build.0 = Debug|Any CPU
		{139EF01F-649D-4386-B3CC-473199A9E829}.Release|Any CPU.ActiveCfg = Release|Any CPU
		{139EF01F-649D-4386-B3CC-473199A9E829}.Release|Any CPU.Build.0 = Release|Any CPU
	EndGlobalSection
	GlobalSection(SolutionProperties) = preSolution
		HideSolutionNode = FALSE
	EndGlobalSection
	GlobalSection(ExtensibilityGlobals) = postSolution
		SolutionGuid = {15D608DA-3516-43B7-97EB-42569FC97CDA}
	EndGlobalSection
EndGlobal
