
Microsoft Visual Studio Solution File, Format Version 12.00
# Visual Studio Version 16
VisualStudioVersion = 16.0.28803.202
MinimumVisualStudioVersion = 10.0.40219.1
Project("{FAE04EC0-301F-11D3-BF4B-00C04F79EFBC}") = "NewProject", "NewProject\NewProject.csproj", "{0F029397-2369-47E1-8B4F-36DAA2B41F34}"
EndProject
Global
	GlobalSection(SolutionConfigurationPlatforms) = preSolution
		Debug|Any CPU = Debug|Any CPU
		Release|Any CPU = Release|Any CPU
	EndGlobalSection
	GlobalSection(ProjectConfigurationPlatforms) = postSolution
		{0F029397-2369-47E1-8B4F-36DAA2B41F34}.Debug|Any CPU.ActiveCfg = Debug|Any CPU
		{0F029397-2369-47E1-8B4F-36DAA2B41F34}.Debug|Any CPU.Build.0 = Debug|Any CPU
		{0F029397-2369-47E1-8B4F-36DAA2B41F34}.Release|Any CPU.ActiveCfg = Release|Any CPU
		{0F029397-2369-47E1-8B4F-36DAA2B41F34}.Release|Any CPU.Build.0 = Release|Any CPU
	EndGlobalSection
	GlobalSection(SolutionProperties) = preSolution
		HideSolutionNode = FALSE
	EndGlobalSection
	GlobalSection(ExtensibilityGlobals) = postSolution
		SolutionGuid = {958376C3-043E-4E07-810C-FC12D821DA1F}
	EndGlobalSection
EndGlobal
